
Microsoft Visual Studio Solution File, Format Version 12.00
# Visual Studio Version 17
VisualStudioVersion = 17.0.31903.59
MinimumVisualStudioVersion = 10.0.40219.1
Project("{FAE04EC0-301F-11D3-BF4B-00C04F79EFBC}") = "Infrustructure", "Infrustructure\Infrustructure.csproj", "{7A68491C-C309-4200-9000-4C2B5ACEBD11}"
EndProject
Project("{FAE04EC0-301F-11D3-BF4B-00C04F79EFBC}") = "WebApi", "WebApi\WebApi.csproj", "{0DFD78E9-4387-48D1-9EE4-639A395632AB}"
EndProject
Project("{FAE04EC0-301F-11D3-BF4B-00C04F79EFBC}") = "Domain", "Domain\Domain.csproj", "{A5B05335-9C56-467E-AB05-B3DF51E89A05}"
EndProject
Global
	GlobalSection(SolutionConfigurationPlatforms) = preSolution
		Debug|Any CPU = Debug|Any CPU
		Release|Any CPU = Release|Any CPU
	EndGlobalSection
	GlobalSection(SolutionProperties) = preSolution
		HideSolutionNode = FALSE
	EndGlobalSection
	GlobalSection(ProjectConfigurationPlatforms) = postSolution
		{7A68491C-C309-4200-9000-4C2B5ACEBD11}.Debug|Any CPU.ActiveCfg = Debug|Any CPU
		{7A68491C-C309-4200-9000-4C2B5ACEBD11}.Debug|Any CPU.Build.0 = Debug|Any CPU
		{7A68491C-C309-4200-9000-4C2B5ACEBD11}.Release|Any CPU.ActiveCfg = Release|Any CPU
		{7A68491C-C309-4200-9000-4C2B5ACEBD11}.Release|Any CPU.Build.0 = Release|Any CPU
		{0DFD78E9-4387-48D1-9EE4-639A395632AB}.Debug|Any CPU.ActiveCfg = Debug|Any CPU
		{0DFD78E9-4387-48D1-9EE4-639A395632AB}.Debug|Any CPU.Build.0 = Debug|Any CPU
		{0DFD78E9-4387-48D1-9EE4-639A395632AB}.Release|Any CPU.ActiveCfg = Release|Any CPU
		{0DFD78E9-4387-48D1-9EE4-639A395632AB}.Release|Any CPU.Build.0 = Release|Any CPU
		{A5B05335-9C56-467E-AB05-B3DF51E89A05}.Debug|Any CPU.ActiveCfg = Debug|Any CPU
		{A5B05335-9C56-467E-AB05-B3DF51E89A05}.Debug|Any CPU.Build.0 = Debug|Any CPU
		{A5B05335-9C56-467E-AB05-B3DF51E89A05}.Release|Any CPU.ActiveCfg = Release|Any CPU
		{A5B05335-9C56-467E-AB05-B3DF51E89A05}.Release|Any CPU.Build.0 = Release|Any CPU
	EndGlobalSection
EndGlobal
